// !$*UTF8*$!
{
	archiveVersion = 1;
	classes = {
	};
	objectVersion = 46;
	objects = {

/* Begin PBXBuildFile section */
		7AFC1468CEBD41CB88508749 /* Pods_EtermaxTest.framework in Frameworks */ = {isa = PBXBuildFile; fileRef = 51F42C6BB92E97FFC1915C3B /* Pods_EtermaxTest.framework */; };
		EC262BCF1E9B3CB000999E0E /* defaultImg.png in Resources */ = {isa = PBXBuildFile; fileRef = EC262BCE1E9B3CB000999E0E /* defaultImg.png */; };
		EC262BDA1E9B4DD700999E0E /* RedditEntity+CoreDataClass.swift in Sources */ = {isa = PBXBuildFile; fileRef = EC262BD81E9B4DD700999E0E /* RedditEntity+CoreDataClass.swift */; };
		EC262BDB1E9B4DD700999E0E /* RedditEntity+CoreDataProperties.swift in Sources */ = {isa = PBXBuildFile; fileRef = EC262BD91E9B4DD700999E0E /* RedditEntity+CoreDataProperties.swift */; };
		EC6B16F71E96EA7F003E3FC9 /* AppDelegate.swift in Sources */ = {isa = PBXBuildFile; fileRef = EC6B16F61E96EA7F003E3FC9 /* AppDelegate.swift */; };
		EC6B16F91E96EA7F003E3FC9 /* ViewController.swift in Sources */ = {isa = PBXBuildFile; fileRef = EC6B16F81E96EA7F003E3FC9 /* ViewController.swift */; };
		EC6B16FC1E96EA7F003E3FC9 /* Main.storyboard in Resources */ = {isa = PBXBuildFile; fileRef = EC6B16FA1E96EA7F003E3FC9 /* Main.storyboard */; };
		EC6B16FF1E96EA7F003E3FC9 /* EtermaxTest.xcdatamodeld in Sources */ = {isa = PBXBuildFile; fileRef = EC6B16FD1E96EA7F003E3FC9 /* EtermaxTest.xcdatamodeld */; };
		EC6B17011E96EA7F003E3FC9 /* Assets.xcassets in Resources */ = {isa = PBXBuildFile; fileRef = EC6B17001E96EA7F003E3FC9 /* Assets.xcassets */; };
		EC6B17041E96EA7F003E3FC9 /* LaunchScreen.storyboard in Resources */ = {isa = PBXBuildFile; fileRef = EC6B17021E96EA7F003E3FC9 /* LaunchScreen.storyboard */; };
		EC6B170E1E96EB96003E3FC9 /* ConnectionManager.swift in Sources */ = {isa = PBXBuildFile; fileRef = EC6B170D1E96EB96003E3FC9 /* ConnectionManager.swift */; };
		EC6B17101E96EC5F003E3FC9 /* DataManager.swift in Sources */ = {isa = PBXBuildFile; fileRef = EC6B170F1E96EC5F003E3FC9 /* DataManager.swift */; };
		EC6B17721E97118A003E3FC9 /* RedditTableViewCell.swift in Sources */ = {isa = PBXBuildFile; fileRef = EC6B17711E97118A003E3FC9 /* RedditTableViewCell.swift */; };
		EC6B17761E9AE787003E3FC9 /* RedditTableViewCell.xib in Resources */ = {isa = PBXBuildFile; fileRef = EC6B17751E9AE787003E3FC9 /* RedditTableViewCell.xib */; };
		EC6B17781E9B069C003E3FC9 /* LoadingCell.swift in Sources */ = {isa = PBXBuildFile; fileRef = EC6B17771E9B069C003E3FC9 /* LoadingCell.swift */; };
/* End PBXBuildFile section */

/* Begin PBXFileReference section */
		0506D06A397DBE2665A55271 /* Pods-EtermaxTest.release.xcconfig */ = {isa = PBXFileReference; includeInIndex = 1; lastKnownFileType = text.xcconfig; name = "Pods-EtermaxTest.release.xcconfig"; path = "Pods/Target Support Files/Pods-EtermaxTest/Pods-EtermaxTest.release.xcconfig"; sourceTree = "<group>"; };
		51F42C6BB92E97FFC1915C3B /* Pods_EtermaxTest.framework */ = {isa = PBXFileReference; explicitFileType = wrapper.framework; includeInIndex = 0; path = Pods_EtermaxTest.framework; sourceTree = BUILT_PRODUCTS_DIR; };
		DCFFCBA70D2B1A8CEB5D5093 /* Pods-EtermaxTest.debug.xcconfig */ = {isa = PBXFileReference; includeInIndex = 1; lastKnownFileType = text.xcconfig; name = "Pods-EtermaxTest.debug.xcconfig"; path = "Pods/Target Support Files/Pods-EtermaxTest/Pods-EtermaxTest.debug.xcconfig"; sourceTree = "<group>"; };
		EC262BCE1E9B3CB000999E0E /* defaultImg.png */ = {isa = PBXFileReference; lastKnownFileType = image.png; path = defaultImg.png; sourceTree = "<group>"; };
		EC262BD81E9B4DD700999E0E /* RedditEntity+CoreDataClass.swift */ = {isa = PBXFileReference; fileEncoding = 4; lastKnownFileType = sourcecode.swift; path = "RedditEntity+CoreDataClass.swift"; sourceTree = "<group>"; };
		EC262BD91E9B4DD700999E0E /* RedditEntity+CoreDataProperties.swift */ = {isa = PBXFileReference; fileEncoding = 4; lastKnownFileType = sourcecode.swift; path = "RedditEntity+CoreDataProperties.swift"; sourceTree = "<group>"; };
		EC6B16F31E96EA7F003E3FC9 /* EtermaxTest.app */ = {isa = PBXFileReference; explicitFileType = wrapper.application; includeInIndex = 0; path = EtermaxTest.app; sourceTree = BUILT_PRODUCTS_DIR; };
		EC6B16F61E96EA7F003E3FC9 /* AppDelegate.swift */ = {isa = PBXFileReference; lastKnownFileType = sourcecode.swift; path = AppDelegate.swift; sourceTree = "<group>"; };
		EC6B16F81E96EA7F003E3FC9 /* ViewController.swift */ = {isa = PBXFileReference; lastKnownFileType = sourcecode.swift; path = ViewController.swift; sourceTree = "<group>"; };
		EC6B16FB1E96EA7F003E3FC9 /* Base */ = {isa = PBXFileReference; lastKnownFileType = file.storyboard; name = Base; path = Base.lproj/Main.storyboard; sourceTree = "<group>"; };
		EC6B16FE1E96EA7F003E3FC9 /* EtermaxTest.xcdatamodel */ = {isa = PBXFileReference; lastKnownFileType = wrapper.xcdatamodel; path = EtermaxTest.xcdatamodel; sourceTree = "<group>"; };
		EC6B17001E96EA7F003E3FC9 /* Assets.xcassets */ = {isa = PBXFileReference; lastKnownFileType = folder.assetcatalog; path = Assets.xcassets; sourceTree = "<group>"; };
		EC6B17031E96EA7F003E3FC9 /* Base */ = {isa = PBXFileReference; lastKnownFileType = file.storyboard; name = Base; path = Base.lproj/LaunchScreen.storyboard; sourceTree = "<group>"; };
		EC6B17051E96EA7F003E3FC9 /* Info.plist */ = {isa = PBXFileReference; lastKnownFileType = text.plist.xml; path = Info.plist; sourceTree = "<group>"; };
		EC6B170D1E96EB96003E3FC9 /* ConnectionManager.swift */ = {isa = PBXFileReference; fileEncoding = 4; lastKnownFileType = sourcecode.swift; path = ConnectionManager.swift; sourceTree = "<group>"; };
		EC6B170F1E96EC5F003E3FC9 /* DataManager.swift */ = {isa = PBXFileReference; fileEncoding = 4; lastKnownFileType = sourcecode.swift; path = DataManager.swift; sourceTree = "<group>"; };
		EC6B17711E97118A003E3FC9 /* RedditTableViewCell.swift */ = {isa = PBXFileReference; fileEncoding = 4; lastKnownFileType = sourcecode.swift; path = RedditTableViewCell.swift; sourceTree = "<group>"; };
		EC6B17751E9AE787003E3FC9 /* RedditTableViewCell.xib */ = {isa = PBXFileReference; fileEncoding = 4; lastKnownFileType = file.xib; path = RedditTableViewCell.xib; sourceTree = "<group>"; };
		EC6B17771E9B069C003E3FC9 /* LoadingCell.swift */ = {isa = PBXFileReference; fileEncoding = 4; lastKnownFileType = sourcecode.swift; path = LoadingCell.swift; sourceTree = "<group>"; };
/* End PBXFileReference section */

/* Begin PBXFrameworksBuildPhase section */
		EC6B16F01E96EA7F003E3FC9 /* Frameworks */ = {
			isa = PBXFrameworksBuildPhase;
			buildActionMask = 2147483647;
			files = (
				7AFC1468CEBD41CB88508749 /* Pods_EtermaxTest.framework in Frameworks */,
			);
			runOnlyForDeploymentPostprocessing = 0;
		};
/* End PBXFrameworksBuildPhase section */

/* Begin PBXGroup section */
		7DB7966826906B8C7B4C058E /* Frameworks */ = {
			isa = PBXGroup;
			children = (
				51F42C6BB92E97FFC1915C3B /* Pods_EtermaxTest.framework */,
			);
			name = Frameworks;
			sourceTree = "<group>";
		};
		9E016A341C2A8FAEDC7DC3D3 /* Pods */ = {
			isa = PBXGroup;
			children = (
				DCFFCBA70D2B1A8CEB5D5093 /* Pods-EtermaxTest.debug.xcconfig */,
				0506D06A397DBE2665A55271 /* Pods-EtermaxTest.release.xcconfig */,
			);
			name = Pods;
			sourceTree = "<group>";
		};
		EC262BCB1E9B3AFA00999E0E /* Images */ = {
			isa = PBXGroup;
			children = (
				EC262BCE1E9B3CB000999E0E /* defaultImg.png */,
			);
			name = Images;
			sourceTree = "<group>";
		};
		EC6B16EA1E96EA7F003E3FC9 = {
			isa = PBXGroup;
			children = (
				EC6B16F51E96EA7F003E3FC9 /* EtermaxTest */,
				EC6B16F41E96EA7F003E3FC9 /* Products */,
				9E016A341C2A8FAEDC7DC3D3 /* Pods */,
				7DB7966826906B8C7B4C058E /* Frameworks */,
			);
			sourceTree = "<group>";
		};
		EC6B16F41E96EA7F003E3FC9 /* Products */ = {
			isa = PBXGroup;
			children = (
				EC6B16F31E96EA7F003E3FC9 /* EtermaxTest.app */,
			);
			name = Products;
			sourceTree = "<group>";
		};
		EC6B16F51E96EA7F003E3FC9 /* EtermaxTest */ = {
			isa = PBXGroup;
			children = (
				EC262BCB1E9B3AFA00999E0E /* Images */,
				EC6B17701E97116B003E3FC9 /* Cells */,
				EC6B17141E96F002003E3FC9 /* NSManagedObjects */,
				EC6B17121E96EC80003E3FC9 /* ViewControllers */,
				EC6B17111E96EC68003E3FC9 /* Managers */,
				EC6B16F61E96EA7F003E3FC9 /* AppDelegate.swift */,
				EC6B16FA1E96EA7F003E3FC9 /* Main.storyboard */,
				EC6B17001E96EA7F003E3FC9 /* Assets.xcassets */,
				EC6B17021E96EA7F003E3FC9 /* LaunchScreen.storyboard */,
				EC6B17051E96EA7F003E3FC9 /* Info.plist */,
				EC6B16FD1E96EA7F003E3FC9 /* EtermaxTest.xcdatamodeld */,
			);
			path = EtermaxTest;
			sourceTree = "<group>";
		};
		EC6B17111E96EC68003E3FC9 /* Managers */ = {
			isa = PBXGroup;
			children = (
				EC6B170D1E96EB96003E3FC9 /* ConnectionManager.swift */,
				EC6B170F1E96EC5F003E3FC9 /* DataManager.swift */,
			);
			name = Managers;
			sourceTree = "<group>";
		};
		EC6B17121E96EC80003E3FC9 /* ViewControllers */ = {
			isa = PBXGroup;
			children = (
				EC6B16F81E96EA7F003E3FC9 /* ViewController.swift */,
			);
			name = ViewControllers;
			sourceTree = "<group>";
		};
		EC6B17141E96F002003E3FC9 /* NSManagedObjects */ = {
			isa = PBXGroup;
			children = (
				EC262BD81E9B4DD700999E0E /* RedditEntity+CoreDataClass.swift */,
				EC262BD91E9B4DD700999E0E /* RedditEntity+CoreDataProperties.swift */,
			);
			name = NSManagedObjects;
			sourceTree = "<group>";
		};
		EC6B17701E97116B003E3FC9 /* Cells */ = {
			isa = PBXGroup;
			children = (
				EC6B17711E97118A003E3FC9 /* RedditTableViewCell.swift */,
				EC6B17751E9AE787003E3FC9 /* RedditTableViewCell.xib */,
				EC6B17771E9B069C003E3FC9 /* LoadingCell.swift */,
			);
			name = Cells;
			sourceTree = "<group>";
		};
/* End PBXGroup section */

/* Begin PBXNativeTarget section */
		EC6B16F21E96EA7F003E3FC9 /* EtermaxTest */ = {
			isa = PBXNativeTarget;
			buildConfigurationList = EC6B17081E96EA7F003E3FC9 /* Build configuration list for PBXNativeTarget "EtermaxTest" */;
			buildPhases = (
				1191CF9676C6BD284CCC533D /* [CP] Check Pods Manifest.lock */,
				EC6B16EF1E96EA7F003E3FC9 /* Sources */,
				EC6B16F01E96EA7F003E3FC9 /* Frameworks */,
				EC6B16F11E96EA7F003E3FC9 /* Resources */,
				267649038624A035E85F5602 /* [CP] Embed Pods Frameworks */,
				F4903E6ECA537D258B291370 /* [CP] Copy Pods Resources */,
			);
			buildRules = (
			);
			dependencies = (
			);
			name = EtermaxTest;
			productName = EtermaxTest;
			productReference = EC6B16F31E96EA7F003E3FC9 /* EtermaxTest.app */;
			productType = "com.apple.product-type.application";
		};
/* End PBXNativeTarget section */

/* Begin PBXProject section */
		EC6B16EB1E96EA7F003E3FC9 /* Project object */ = {
			isa = PBXProject;
			attributes = {
				LastSwiftUpdateCheck = 0810;
				LastUpgradeCheck = 0810;
				ORGANIZATIONNAME = "Gustavo Alfonso";
				TargetAttributes = {
					EC6B16F21E96EA7F003E3FC9 = {
						CreatedOnToolsVersion = 8.1;
						ProvisioningStyle = Automatic;
					};
				};
			};
			buildConfigurationList = EC6B16EE1E96EA7F003E3FC9 /* Build configuration list for PBXProject "EtermaxTest" */;
			compatibilityVersion = "Xcode 3.2";
			developmentRegion = English;
			hasScannedForEncodings = 0;
			knownRegions = (
				en,
				Base,
			);
			mainGroup = EC6B16EA1E96EA7F003E3FC9;
			productRefGroup = EC6B16F41E96EA7F003E3FC9 /* Products */;
			projectDirPath = "";
			projectRoot = "";
			targets = (
				EC6B16F21E96EA7F003E3FC9 /* EtermaxTest */,
			);
		};
/* End PBXProject section */

/* Begin PBXResourcesBuildPhase section */
		EC6B16F11E96EA7F003E3FC9 /* Resources */ = {
			isa = PBXResourcesBuildPhase;
			buildActionMask = 2147483647;
			files = (
				EC6B17041E96EA7F003E3FC9 /* LaunchScreen.storyboard in Resources */,
				EC6B17011E96EA7F003E3FC9 /* Assets.xcassets in Resources */,
				EC262BCF1E9B3CB000999E0E /* defaultImg.png in Resources */,
				EC6B16FC1E96EA7F003E3FC9 /* Main.storyboard in Resources */,
				EC6B17761E9AE787003E3FC9 /* RedditTableViewCell.xib in Resources */,
			);
			runOnlyForDeploymentPostprocessing = 0;
		};
/* End PBXResourcesBuildPhase section */

/* Begin PBXShellScriptBuildPhase section */
		1191CF9676C6BD284CCC533D /* [CP] Check Pods Manifest.lock */ = {
			isa = PBXShellScriptBuildPhase;
			buildActionMask = 2147483647;
			files = (
			);
			inputPaths = (
			);
			name = "[CP] Check Pods Manifest.lock";
			outputPaths = (
			);
			runOnlyForDeploymentPostprocessing = 0;
			shellPath = /bin/sh;
			shellScript = "diff \"${PODS_ROOT}/../Podfile.lock\" \"${PODS_ROOT}/Manifest.lock\" > /dev/null\nif [ $? != 0 ] ; then\n    # print error to STDERR\n    echo \"error: The sandbox is not in sync with the Podfile.lock. Run 'pod install' or update your CocoaPods installation.\" >&2\n    exit 1\nfi\n";
			showEnvVarsInLog = 0;
		};
		267649038624A035E85F5602 /* [CP] Embed Pods Frameworks */ = {
			isa = PBXShellScriptBuildPhase;
			buildActionMask = 2147483647;
			files = (
			);
			inputPaths = (
			);
			name = "[CP] Embed Pods Frameworks";
			outputPaths = (
			);
			runOnlyForDeploymentPostprocessing = 0;
			shellPath = /bin/sh;
			shellScript = "\"${SRCROOT}/Pods/Target Support Files/Pods-EtermaxTest/Pods-EtermaxTest-frameworks.sh\"\n";
			showEnvVarsInLog = 0;
		};
		F4903E6ECA537D258B291370 /* [CP] Copy Pods Resources */ = {
			isa = PBXShellScriptBuildPhase;
			buildActionMask = 2147483647;
			files = (
			);
			inputPaths = (
			);
			name = "[CP] Copy Pods Resources";
			outputPaths = (
			);
			runOnlyForDeploymentPostprocessing = 0;
			shellPath = /bin/sh;
			shellScript = "\"${SRCROOT}/Pods/Target Support Files/Pods-EtermaxTest/Pods-EtermaxTest-resources.sh\"\n";
			showEnvVarsInLog = 0;
		};
/* End PBXShellScriptBuildPhase section */

/* Begin PBXSourcesBuildPhase section */
		EC6B16EF1E96EA7F003E3FC9 /* Sources */ = {
			isa = PBXSourcesBuildPhase;
			buildActionMask = 2147483647;
			files = (
				EC262BDA1E9B4DD700999E0E /* RedditEntity+CoreDataClass.swift in Sources */,
				EC6B16FF1E96EA7F003E3FC9 /* EtermaxTest.xcdatamodeld in Sources */,
				EC6B17101E96EC5F003E3FC9 /* DataManager.swift in Sources */,
				EC6B17721E97118A003E3FC9 /* RedditTableViewCell.swift in Sources */,
				EC6B170E1E96EB96003E3FC9 /* ConnectionManager.swift in Sources */,
				EC262BDB1E9B4DD700999E0E /* RedditEntity+CoreDataProperties.swift in Sources */,
				EC6B16F91E96EA7F003E3FC9 /* ViewController.swift in Sources */,
				EC6B17781E9B069C003E3FC9 /* LoadingCell.swift in Sources */,
				EC6B16F71E96EA7F003E3FC9 /* AppDelegate.swift in Sources */,
			);
			runOnlyForDeploymentPostprocessing = 0;
		};
/* End PBXSourcesBuildPhase section */

/* Begin PBXVariantGroup section */
		EC6B16FA1E96EA7F003E3FC9 /* Main.storyboard */ = {
			isa = PBXVariantGroup;
			children = (
				EC6B16FB1E96EA7F003E3FC9 /* Base */,
			);
			name = Main.storyboard;
			sourceTree = "<group>";
		};
		EC6B17021E96EA7F003E3FC9 /* LaunchScreen.storyboard */ = {
			isa = PBXVariantGroup;
			children = (
				EC6B17031E96EA7F003E3FC9 /* Base */,
			);
			name = LaunchScreen.storyboard;
			sourceTree = "<group>";
		};
/* End PBXVariantGroup section */

/* Begin XCBuildConfiguration section */
		EC6B17061E96EA7F003E3FC9 /* Debug */ = {
			isa = XCBuildConfiguration;
			buildSettings = {
				ALWAYS_SEARCH_USER_PATHS = NO;
				CLANG_ANALYZER_NONNULL = YES;
				CLANG_CXX_LANGUAGE_STANDARD = "gnu++0x";
				CLANG_CXX_LIBRARY = "libc++";
				CLANG_ENABLE_MODULES = YES;
				CLANG_ENABLE_OBJC_ARC = YES;
				CLANG_WARN_BOOL_CONVERSION = YES;
				CLANG_WARN_CONSTANT_CONVERSION = YES;
				CLANG_WARN_DIRECT_OBJC_ISA_USAGE = YES_ERROR;
				CLANG_WARN_DOCUMENTATION_COMMENTS = YES;
				CLANG_WARN_EMPTY_BODY = YES;
				CLANG_WARN_ENUM_CONVERSION = YES;
				CLANG_WARN_INFINITE_RECURSION = YES;
				CLANG_WARN_INT_CONVERSION = YES;
				CLANG_WARN_OBJC_ROOT_CLASS = YES_ERROR;
				CLANG_WARN_SUSPICIOUS_MOVES = YES;
				CLANG_WARN_UNREACHABLE_CODE = YES;
				CLANG_WARN__DUPLICATE_METHOD_MATCH = YES;
				"CODE_SIGN_IDENTITY[sdk=iphoneos*]" = "iPhone Developer";
				COPY_PHASE_STRIP = NO;
				DEBUG_INFORMATION_FORMAT = dwarf;
				ENABLE_STRICT_OBJC_MSGSEND = YES;
				ENABLE_TESTABILITY = YES;
				GCC_C_LANGUAGE_STANDARD = gnu99;
				GCC_DYNAMIC_NO_PIC = NO;
				GCC_NO_COMMON_BLOCKS = YES;
				GCC_OPTIMIZATION_LEVEL = 0;
				GCC_PREPROCESSOR_DEFINITIONS = (
					"DEBUG=1",
					"$(inherited)",
				);
				GCC_WARN_64_TO_32_BIT_CONVERSION = YES;
				GCC_WARN_ABOUT_RETURN_TYPE = YES_ERROR;
				GCC_WARN_UNDECLARED_SELECTOR = YES;
				GCC_WARN_UNINITIALIZED_AUTOS = YES_AGGRESSIVE;
				GCC_WARN_UNUSED_FUNCTION = YES;
				GCC_WARN_UNUSED_VARIABLE = YES;
				IPHONEOS_DEPLOYMENT_TARGET = 10.1;
				MTL_ENABLE_DEBUG_INFO = YES;
				ONLY_ACTIVE_ARCH = YES;
				SDKROOT = iphoneos;
				SWIFT_ACTIVE_COMPILATION_CONDITIONS = DEBUG;
				SWIFT_OPTIMIZATION_LEVEL = "-Onone";
			};
			name = Debug;
		};
		EC6B17071E96EA7F003E3FC9 /* Release */ = {
			isa = XCBuildConfiguration;
			buildSettings = {
				ALWAYS_SEARCH_USER_PATHS = NO;
				CLANG_ANALYZER_NONNULL = YES;
				CLANG_CXX_LANGUAGE_STANDARD = "gnu++0x";
				CLANG_CXX_LIBRARY = "libc++";
				CLANG_ENABLE_MODULES = YES;
				CLANG_ENABLE_OBJC_ARC = YES;
				CLANG_WARN_BOOL_CONVERSION = YES;
				CLANG_WARN_CONSTANT_CONVERSION = YES;
				CLANG_WARN_DIRECT_OBJC_ISA_USAGE = YES_ERROR;
				CLANG_WARN_DOCUMENTATION_COMMENTS = YES;
				CLANG_WARN_EMPTY_BODY = YES;
				CLANG_WARN_ENUM_CONVERSION = YES;
				CLANG_WARN_INFINITE_RECURSION = YES;
				CLANG_WARN_INT_CONVERSION = YES;
				CLANG_WARN_OBJC_ROOT_CLASS = YES_ERROR;
				CLANG_WARN_SUSPICIOUS_MOVES = YES;
				CLANG_WARN_UNREACHABLE_CODE = YES;
				CLANG_WARN__DUPLICATE_METHOD_MATCH = YES;
				"CODE_SIGN_IDENTITY[sdk=iphoneos*]" = "iPhone Developer";
				COPY_PHASE_STRIP = NO;
				DEBUG_INFORMATION_FORMAT = "dwarf-with-dsym";
				ENABLE_NS_ASSERTIONS = NO;
				ENABLE_STRICT_OBJC_MSGSEND = YES;
				GCC_C_LANGUAGE_STANDARD = gnu99;
				GCC_NO_COMMON_BLOCKS = YES;
				GCC_WARN_64_TO_32_BIT_CONVERSION = YES;
				GCC_WARN_ABOUT_RETURN_TYPE = YES_ERROR;
				GCC_WARN_UNDECLARED_SELECTOR = YES;
				GCC_WARN_UNINITIALIZED_AUTOS = YES_AGGRESSIVE;
				GCC_WARN_UNUSED_FUNCTION = YES;
				GCC_WARN_UNUSED_VARIABLE = YES;
				IPHONEOS_DEPLOYMENT_TARGET = 10.1;
				MTL_ENABLE_DEBUG_INFO = NO;
				SDKROOT = iphoneos;
				SWIFT_OPTIMIZATION_LEVEL = "-Owholemodule";
				VALIDATE_PRODUCT = YES;
			};
			name = Release;
		};
		EC6B17091E96EA7F003E3FC9 /* Debug */ = {
			isa = XCBuildConfiguration;
			baseConfigurationReference = DCFFCBA70D2B1A8CEB5D5093 /* Pods-EtermaxTest.debug.xcconfig */;
			buildSettings = {
				ASSETCATALOG_COMPILER_APPICON_NAME = AppIcon;
				INFOPLIST_FILE = EtermaxTest/Info.plist;
				LD_RUNPATH_SEARCH_PATHS = "$(inherited) @executable_path/Frameworks";
				PRODUCT_BUNDLE_IDENTIFIER = com.gustavo.EtermaxTest;
				PRODUCT_NAME = "$(TARGET_NAME)";
				SWIFT_VERSION = 3.0;
			};
			name = Debug;
		};
		EC6B170A1E96EA7F003E3FC9 /* Release */ = {
			isa = XCBuildConfiguration;
			baseConfigurationReference = 0506D06A397DBE2665A55271 /* Pods-EtermaxTest.release.xcconfig */;
			buildSettings = {
				ASSETCATALOG_COMPILER_APPICON_NAME = AppIcon;
				INFOPLIST_FILE = EtermaxTest/Info.plist;
				LD_RUNPATH_SEARCH_PATHS = "$(inherited) @executable_path/Frameworks";
				PRODUCT_BUNDLE_IDENTIFIER = com.gustavo.EtermaxTest;
				PRODUCT_NAME = "$(TARGET_NAME)";
				SWIFT_VERSION = 3.0;
			};
			name = Release;
		};
/* End XCBuildConfiguration section */

/* Begin XCConfigurationList section */
		EC6B16EE1E96EA7F003E3FC9 /* Build configuration list for PBXProject "EtermaxTest" */ = {
			isa = XCConfigurationList;
			buildConfigurations = (
				EC6B17061E96EA7F003E3FC9 /* Debug */,
				EC6B17071E96EA7F003E3FC9 /* Release */,
			);
			defaultConfigurationIsVisible = 0;
			defaultConfigurationName = Release;
		};
		EC6B17081E96EA7F003E3FC9 /* Build configuration list for PBXNativeTarget "EtermaxTest" */ = {
			isa = XCConfigurationList;
			buildConfigurations = (
				EC6B17091E96EA7F003E3FC9 /* Debug */,
				EC6B170A1E96EA7F003E3FC9 /* Release */,
			);
			defaultConfigurationIsVisible = 0;
			defaultConfigurationName = Release;
		};
/* End XCConfigurationList section */

/* Begin XCVersionGroup section */
		EC6B16FD1E96EA7F003E3FC9 /* EtermaxTest.xcdatamodeld */ = {
			isa = XCVersionGroup;
			children = (
				EC6B16FE1E96EA7F003E3FC9 /* EtermaxTest.xcdatamodel */,
			);
			currentVersion = EC6B16FE1E96EA7F003E3FC9 /* EtermaxTest.xcdatamodel */;
			path = EtermaxTest.xcdatamodeld;
			sourceTree = "<group>";
			versionGroupType = wrapper.xcdatamodel;
		};
/* End XCVersionGroup section */
	};
	rootObject = EC6B16EB1E96EA7F003E3FC9 /* Project object */;
}
